# THIS IS AN AUTOGENERATED FILE. DO NOT EDIT THIS FILE DIRECTLY.
# yarn lockfile v1


"@ant-design/colors@^7.0.0", "@ant-design/colors@^7.1.0":
  version "7.1.0"
  resolved "https://registry.npmjs.org/@ant-design/colors/-/colors-7.1.0.tgz"
  integrity sha512-MMoDGWn1y9LdQJQSHiCC20x3uZ3CwQnv9QMz6pCmJOrqdgM9YxsoVVY0wtrdXbmfSgnV0KNk6zi09NAhMR2jvg==
  dependencies:
    "@ctrl/tinycolor" "^3.6.1"

"@ant-design/cssinjs-utils@^1.1.1":
  version "1.1.1"
  resolved "https://registry.npmjs.org/@ant-design/cssinjs-utils/-/cssinjs-utils-1.1.1.tgz"
  integrity sha512-2HAiyGGGnM0es40SxdszeQAU5iWp41wBIInq+ONTCKjlSKOrzQfnw4JDtB8IBmqE6tQaEKwmzTP2LGdt5DSwYQ==
  dependencies:
    "@ant-design/cssinjs" "^1.21.0"
    "@babel/runtime" "^7.23.2"
    rc-util "^5.38.0"

"@ant-design/cssinjs@^1.21.0", "@ant-design/cssinjs@^1.21.1":
  version "1.21.1"
  resolved "https://registry.npmjs.org/@ant-design/cssinjs/-/cssinjs-1.21.1.tgz"
  integrity sha512-tyWnlK+XH7Bumd0byfbCiZNK43HEubMoCcu9VxwsAwiHdHTgWa+tMN0/yvxa+e8EzuFP1WdUNNPclRpVtD33lg==
  dependencies:
    "@babel/runtime" "^7.11.1"
    "@emotion/hash" "^0.8.0"
    "@emotion/unitless" "^0.7.5"
    classnames "^2.3.1"
    csstype "^3.1.3"
    rc-util "^5.35.0"
    stylis "^4.3.3"

"@ant-design/fast-color@^2.0.6":
  version "2.0.6"
  resolved "https://registry.npmjs.org/@ant-design/fast-color/-/fast-color-2.0.6.tgz"
  integrity sha512-y2217gk4NqL35giHl72o6Zzqji9O7vHh9YmhUVkPtAOpoTCH4uWxo/pr4VE8t0+ChEPs0qo4eJRC5Q1eXWo3vA==
  dependencies:
    "@babel/runtime" "^7.24.7"

"@ant-design/icons-svg@^4.4.0":
  version "4.4.2"
  resolved "https://registry.npmjs.org/@ant-design/icons-svg/-/icons-svg-4.4.2.tgz"
  integrity sha512-vHbT+zJEVzllwP+CM+ul7reTEfBR0vgxFe7+lREAsAA7YGsYpboiq2sQNeQeRvh09GfQgs/GyFEvZpJ9cLXpXA==

"@ant-design/icons@^5.5.1":
  version "5.5.1"
  resolved "https://registry.npmjs.org/@ant-design/icons/-/icons-5.5.1.tgz"
  integrity sha512-0UrM02MA2iDIgvLatWrj6YTCYe0F/cwXvVE0E2SqGrL7PZireQwgEKTKBisWpZyal5eXZLvuM98kju6YtYne8w==
  dependencies:
    "@ant-design/colors" "^7.0.0"
    "@ant-design/icons-svg" "^4.4.0"
    "@babel/runtime" "^7.24.8"
    classnames "^2.2.6"
    rc-util "^5.31.1"

"@ant-design/react-slick@~1.1.2":
  version "1.1.2"
  resolved "https://registry.npmjs.org/@ant-design/react-slick/-/react-slick-1.1.2.tgz"
  integrity sha512-EzlvzE6xQUBrZuuhSAFTdsr4P2bBBHGZwKFemEfq8gIGyIQCxalYfZW/T2ORbtQx5rU69o+WycP3exY/7T1hGA==
  dependencies:
    "@babel/runtime" "^7.10.4"
    classnames "^2.2.5"
    json2mq "^0.2.0"
    resize-observer-polyfill "^1.5.1"
    throttle-debounce "^5.0.0"

"@babel/runtime@^7.10.1", "@babel/runtime@^7.10.4", "@babel/runtime@^7.11.1", "@babel/runtime@^7.11.2", "@babel/runtime@^7.12.5", "@babel/runtime@^7.16.7", "@babel/runtime@^7.18.0", "@babel/runtime@^7.18.3", "@babel/runtime@^7.20.0", "@babel/runtime@^7.20.7", "@babel/runtime@^7.21.0", "@babel/runtime@^7.22.5", "@babel/runtime@^7.23.2", "@babel/runtime@^7.23.6", "@babel/runtime@^7.23.8", "@babel/runtime@^7.23.9", "@babel/runtime@^7.24.4", "@babel/runtime@^7.24.7", "@babel/runtime@^7.24.8", "@babel/runtime@^7.25.6", "@babel/runtime@^7.5.5", "@babel/runtime@^7.6.2", "@babel/runtime@^7.7.2":
  version "7.26.0"
  resolved "https://registry.npmjs.org/@babel/runtime/-/runtime-7.26.0.tgz"
  integrity sha512-FDSOghenHTiToteC/QRlv2q3DhPZ/oOXTBoirfWNx1Cx3TMVcGWQtMMmQcSvb/JjpNeGzx8Pq/b4fKEJuWm1sw==
  dependencies:
    regenerator-runtime "^0.14.0"

"@ctrl/tinycolor@^3.6.1":
  version "3.6.1"
  resolved "https://registry.npmjs.org/@ctrl/tinycolor/-/tinycolor-3.6.1.tgz"
  integrity sha512-SITSV6aIXsuVNV3f3O0f2n/cgyEDWoSqtZMYiAmcsYHydcKrOz3gUxB/iXd/Qf08+IZX4KpgNbvUdMBmWz+kcA==

"@emotion/hash@^0.8.0":
  version "0.8.0"
  resolved "https://registry.npmjs.org/@emotion/hash/-/hash-0.8.0.tgz"
  integrity sha512-kBJtf7PH6aWwZ6fka3zQ0p6SBYzx4fl1LoZXE2RrnYST9Xljm7WfKJrU4g/Xr3Beg72MLrp1AWNUmuYJTL7Cow==

"@emotion/unitless@^0.7.5":
  version "0.7.5"
  resolved "https://registry.npmjs.org/@emotion/unitless/-/unitless-0.7.5.tgz"
  integrity sha512-OWORNpfjMsSSUBVrRBVGECkhWcULOAJz9ZW8uK9qgxD+87M7jHRcvh/A96XXNhXTLmKcoYSQtBEX7lHMO7YRwg==

"@rc-component/async-validator@^5.0.3":
  version "5.0.4"
  resolved "https://registry.npmjs.org/@rc-component/async-validator/-/async-validator-5.0.4.tgz"
  integrity sha512-qgGdcVIF604M9EqjNF0hbUTz42bz/RDtxWdWuU5EQe3hi7M8ob54B6B35rOsvX5eSvIHIzT9iH1R3n+hk3CGfg==
  dependencies:
    "@babel/runtime" "^7.24.4"

"@rc-component/color-picker@~2.0.1":
  version "2.0.1"
  resolved "https://registry.npmjs.org/@rc-component/color-picker/-/color-picker-2.0.1.tgz"
  integrity sha512-WcZYwAThV/b2GISQ8F+7650r5ZZJ043E57aVBFkQ+kSY4C6wdofXgB0hBx+GPGpIU0Z81eETNoDUJMr7oy/P8Q==
  dependencies:
    "@ant-design/fast-color" "^2.0.6"
    "@babel/runtime" "^7.23.6"
    classnames "^2.2.6"
    rc-util "^5.38.1"

"@rc-component/context@^1.4.0":
  version "1.4.0"
  resolved "https://registry.npmjs.org/@rc-component/context/-/context-1.4.0.tgz"
  integrity sha512-kFcNxg9oLRMoL3qki0OMxK+7g5mypjgaaJp/pkOis/6rVxma9nJBF/8kCIuTYHUQNr0ii7MxqE33wirPZLJQ2w==
  dependencies:
    "@babel/runtime" "^7.10.1"
    rc-util "^5.27.0"

"@rc-component/mini-decimal@^1.0.1":
  version "1.1.0"
  resolved "https://registry.npmjs.org/@rc-component/mini-decimal/-/mini-decimal-1.1.0.tgz"
  integrity sha512-jS4E7T9Li2GuYwI6PyiVXmxTiM6b07rlD9Ge8uGZSCz3WlzcG5ZK7g5bbuKNeZ9pgUuPK/5guV781ujdVpm4HQ==
  dependencies:
    "@babel/runtime" "^7.18.0"

"@rc-component/mutate-observer@^1.1.0":
  version "1.1.0"
  resolved "https://registry.npmjs.org/@rc-component/mutate-observer/-/mutate-observer-1.1.0.tgz"
  integrity sha512-QjrOsDXQusNwGZPf4/qRQasg7UFEj06XiCJ8iuiq/Io7CrHrgVi6Uuetw60WAMG1799v+aM8kyc+1L/GBbHSlw==
  dependencies:
    "@babel/runtime" "^7.18.0"
    classnames "^2.3.2"
    rc-util "^5.24.4"

"@rc-component/portal@^1.0.0-8", "@rc-component/portal@^1.0.0-9", "@rc-component/portal@^1.0.2", "@rc-component/portal@^1.1.0", "@rc-component/portal@^1.1.1":
  version "1.1.2"
  resolved "https://registry.npmjs.org/@rc-component/portal/-/portal-1.1.2.tgz"
  integrity sha512-6f813C0IsasTZms08kfA8kPAGxbbkYToa8ALaiDIGGECU4i9hj8Plgbx0sNJDrey3EtHO30hmdaxtT0138xZcg==
  dependencies:
    "@babel/runtime" "^7.18.0"
    classnames "^2.3.2"
    rc-util "^5.24.4"

"@rc-component/qrcode@~1.0.0":
  version "1.0.0"
  resolved "https://registry.npmjs.org/@rc-component/qrcode/-/qrcode-1.0.0.tgz"
  integrity sha512-L+rZ4HXP2sJ1gHMGHjsg9jlYBX/SLN2D6OxP9Zn3qgtpMWtO2vUfxVFwiogHpAIqs54FnALxraUy/BCO1yRIgg==
  dependencies:
    "@babel/runtime" "^7.24.7"
    classnames "^2.3.2"
    rc-util "^5.38.0"

"@rc-component/tour@~1.15.1":
  version "1.15.1"
  resolved "https://registry.npmjs.org/@rc-component/tour/-/tour-1.15.1.tgz"
  integrity sha512-Tr2t7J1DKZUpfJuDZWHxyxWpfmj8EZrqSgyMZ+BCdvKZ6r1UDsfU46M/iWAAFBy961Ssfom2kv5f3UcjIL2CmQ==
  dependencies:
    "@babel/runtime" "^7.18.0"
    "@rc-component/portal" "^1.0.0-9"
    "@rc-component/trigger" "^2.0.0"
    classnames "^2.3.2"
    rc-util "^5.24.4"

"@rc-component/trigger@^2.0.0", "@rc-component/trigger@^2.1.1", "@rc-component/trigger@^2.2.3":
  version "2.2.3"
  resolved "https://registry.npmjs.org/@rc-component/trigger/-/trigger-2.2.3.tgz"
  integrity sha512-X1oFIpKoXAMXNDYCviOmTfuNuYxE4h5laBsyCqVAVMjNHxoF3/uiyA7XdegK1XbCvBbCZ6P6byWrEoDRpKL8+A==
  dependencies:
    "@babel/runtime" "^7.23.2"
    "@rc-component/portal" "^1.1.0"
    classnames "^2.3.2"
    rc-motion "^2.0.0"
    rc-resize-observer "^1.3.1"
    rc-util "^5.38.0"

"@remix-run/router@1.20.0":
  version "1.20.0"
  resolved "https://registry.npmjs.org/@remix-run/router/-/router-1.20.0.tgz"
  integrity sha512-mUnk8rPJBI9loFDZ+YzPGdeniYK+FTmRD1TMCz7ev2SNIozyKKpnGgsxO34u6Z4z/t0ITuu7voi/AshfsGsgFg==

"@types/node@^22.7.5":
  version "22.8.2"
  resolved "https://registry.npmjs.org/@types/node/-/node-22.8.2.tgz"
  integrity sha512-NzaRNFV+FZkvK/KLCsNdTvID0SThyrs5SHB6tsD/lajr22FGC73N2QeDPM2wHtVde8mgcXuSsHQkH5cX1pbPLw==
  dependencies:
    undici-types "~6.19.8"

"@types/prop-types@*":
  version "15.7.13"
  resolved "https://registry.npmjs.org/@types/prop-types/-/prop-types-15.7.13.tgz"
  integrity sha512-hCZTSvwbzWGvhqxp/RqVqwU999pBf2vp7hzIjiYOsl8wqOmUxkQ6ddw1cV3l8811+kdUFus/q4d1Y3E3SyEifA==

"@types/react@^18.3.12":
  version "18.3.12"
  resolved "https://registry.npmjs.org/@types/react/-/react-18.3.12.tgz"
  integrity sha512-D2wOSq/d6Agt28q7rSI3jhU7G6aiuzljDGZ2hTZHIkrTLUI+AF3WMeKkEZ9nN2fkBAlcktT6vcZjDFiIhMYEQw==
  dependencies:
    "@types/prop-types" "*"
    csstype "^3.0.2"

antd@^5.21.6:
  version "5.21.6"
  resolved "https://registry.npmjs.org/antd/-/antd-5.21.6.tgz"
  integrity sha512-EviOde/VEu+OsIKH5t6YXTMmmNeg9R85m0W5zXAo+Np8Latg9q10691JvAqOTMpnrRmbdeKUQL1Krp69Bzbe/g==
  dependencies:
    "@ant-design/colors" "^7.1.0"
    "@ant-design/cssinjs" "^1.21.1"
    "@ant-design/cssinjs-utils" "^1.1.1"
    "@ant-design/icons" "^5.5.1"
    "@ant-design/react-slick" "~1.1.2"
    "@babel/runtime" "^7.25.6"
    "@ctrl/tinycolor" "^3.6.1"
    "@rc-component/color-picker" "~2.0.1"
    "@rc-component/mutate-observer" "^1.1.0"
    "@rc-component/qrcode" "~1.0.0"
    "@rc-component/tour" "~1.15.1"
    "@rc-component/trigger" "^2.2.3"
    classnames "^2.5.1"
    copy-to-clipboard "^3.3.3"
    dayjs "^1.11.11"
    rc-cascader "~3.28.2"
    rc-checkbox "~3.3.0"
    rc-collapse "~3.8.0"
    rc-dialog "~9.6.0"
    rc-drawer "~7.2.0"
    rc-dropdown "~4.2.0"
    rc-field-form "~2.4.0"
    rc-image "~7.11.0"
    rc-input "~1.6.3"
    rc-input-number "~9.2.0"
    rc-mentions "~2.16.1"
    rc-menu "~9.15.1"
    rc-motion "^2.9.3"
    rc-notification "~5.6.2"
    rc-pagination "~4.3.0"
    rc-picker "~4.6.15"
    rc-progress "~4.0.0"
    rc-rate "~2.13.0"
    rc-resize-observer "^1.4.0"
    rc-segmented "~2.5.0"
    rc-select "~14.15.2"
    rc-slider "~11.1.7"
    rc-steps "~6.0.1"
    rc-switch "~4.1.0"
    rc-table "~7.47.5"
    rc-tabs "~15.3.0"
    rc-textarea "~1.8.2"
    rc-tooltip "~6.2.1"
    rc-tree "~5.9.0"
    rc-tree-select "~5.23.0"
    rc-upload "~4.8.1"
    rc-util "^5.43.0"
    scroll-into-view-if-needed "^3.1.0"
    throttle-debounce "^5.0.2"

array-tree-filter@^2.1.0:
  version "2.1.0"
  resolved "https://registry.npmjs.org/array-tree-filter/-/array-tree-filter-2.1.0.tgz"
  integrity sha512-4ROwICNlNw/Hqa9v+rk5h22KjmzB1JGTMVKP2AKJBOCgb0yL0ASf0+YvCcLNNwquOHNX48jkeZIJ3a+oOQqKcw==

balanced-match@^1.0.0:
  version "1.0.2"
  resolved "https://registry.yarnpkg.com/balanced-match/-/balanced-match-1.0.2.tgz#e83e3a7e3f300b34cb9d87f615fa0cbf357690ee"
  integrity sha512-3oSeUO0TMV67hN1AmbXsK4yaqU7tjiHlbxRDZOpH0KW9+CeX4bRAaX0Anxt0tx2MrpRpWwQaPwIlISEJhYU5Pw==

big-integer@^1.6.16:
  version "1.6.52"
  resolved "https://registry.yarnpkg.com/big-integer/-/big-integer-1.6.52.tgz#60a887f3047614a8e1bffe5d7173490a97dc8c85"
  integrity sha512-QxD8cf2eVqJOOz63z6JIN9BzvVs/dlySa5HGSBH5xtR8dPteIRQnBxxKqkNTiT6jbDTF6jAfrd4oMcND9RGbQg==

brace-expansion@^1.1.7:
  version "1.1.11"
  resolved "https://registry.yarnpkg.com/brace-expansion/-/brace-expansion-1.1.11.tgz#3c7fcbf529d87226f3d2f52b966ff5271eb441dd"
  integrity sha512-iCuPHDFgrHX7H2vEI/5xpz07zSHB00TpugqhmYtVmMO6518mCuRMoOYFldEBl0g187ufozdaHgWKcYFb61qGiA==
  dependencies:
    balanced-match "^1.0.0"
    concat-map "0.0.1"

broadcast-channel@^3.4.1:
  version "3.7.0"
  resolved "https://registry.yarnpkg.com/broadcast-channel/-/broadcast-channel-3.7.0.tgz#2dfa5c7b4289547ac3f6705f9c00af8723889937"
  integrity sha512-cIAKJXAxGJceNZGTZSBzMxzyOn72cVgPnKx4dc6LRjQgbaJUQqhy5rzL3zbMxkMWsGKkv2hSFkPRMEXfoMZ2Mg==
  dependencies:
    "@babel/runtime" "^7.7.2"
    detect-node "^2.1.0"
    js-sha3 "0.8.0"
    microseconds "0.2.0"
    nano-time "1.0.0"
    oblivious-set "1.0.0"
    rimraf "3.0.2"
    unload "2.2.0"

classnames@2.x, classnames@^2.2.1, classnames@^2.2.3, classnames@^2.2.5, classnames@^2.2.6, classnames@^2.3.1, classnames@^2.3.2, classnames@^2.5.1:
  version "2.5.1"
  resolved "https://registry.npmjs.org/classnames/-/classnames-2.5.1.tgz"
  integrity sha512-saHYOzhIQs6wy2sVxTM6bUDsQO4F50V9RQ22qBpEdCW+I+/Wmke2HOl6lS6dTpdxVhb88/I6+Hs+438c3lfUow==

compute-scroll-into-view@^3.0.2:
  version "3.1.0"
  resolved "https://registry.npmjs.org/compute-scroll-into-view/-/compute-scroll-into-view-3.1.0.tgz"
  integrity sha512-rj8l8pD4bJ1nx+dAkMhV1xB5RuZEyVysfxJqB1pRchh1KVvwOv9b7CGB8ZfjTImVv2oF+sYMUkMZq6Na5Ftmbg==

concat-map@0.0.1:
  version "0.0.1"
  resolved "https://registry.yarnpkg.com/concat-map/-/concat-map-0.0.1.tgz#d8a96bd77fd68df7793a73036a3ba0d5405d477b"
  integrity sha512-/Srv4dswyQNBfohGpz9o6Yb3Gz3SrUDqBH5rTuhGR7ahtlbYKnVxw2bCFMRljaA7EXHaXZ8wsHdodFvbkhKmqg==

copy-to-clipboard@^3.3.3:
  version "3.3.3"
  resolved "https://registry.npmjs.org/copy-to-clipboard/-/copy-to-clipboard-3.3.3.tgz"
  integrity sha512-2KV8NhB5JqC3ky0r9PMCAZKbUHSwtEo4CwCs0KXgruG43gX5PMqDEBbVU4OUzw2MuAWUfsuFmWvEKG5QRfSnJA==
  dependencies:
    toggle-selection "^1.0.6"

csstype@^3.0.2, csstype@^3.1.3:
  version "3.1.3"
  resolved "https://registry.npmjs.org/csstype/-/csstype-3.1.3.tgz"
  integrity sha512-M1uQkMl8rQK/szD0LNhtqxIPLpimGm8sOBwU7lLnCpSbTyY3yeU1Vc7l4KT5zT4s/yOxHH5O7tIuuLOCnLADRw==

dayjs@^1.11.11:
  version "1.11.13"
  resolved "https://registry.npmjs.org/dayjs/-/dayjs-1.11.13.tgz"
  integrity sha512-oaMBel6gjolK862uaPQOVTA7q3TZhuSvuMQAAglQDOWYO9A91IrAOUJEyKVlqJlHE0vq5p5UXxzdPfMH/x6xNg==

detect-node@^2.0.4, detect-node@^2.1.0:
  version "2.1.0"
  resolved "https://registry.yarnpkg.com/detect-node/-/detect-node-2.1.0.tgz#c9c70775a49c3d03bc2c06d9a73be550f978f8b1"
  integrity sha512-T0NIuQpnTvFDATNuHN5roPwSBG83rFsuO+MXXH9/3N1eFbn4wcPjttvjMLEPWJ0RGUYgQE7cGgS3tNxbqCGM7g==

fs.realpath@^1.0.0:
  version "1.0.0"
  resolved "https://registry.yarnpkg.com/fs.realpath/-/fs.realpath-1.0.0.tgz#1504ad2523158caa40db4a2787cb01411994ea4f"
  integrity sha512-OO0pH2lK6a0hZnAdau5ItzHPI6pUlvI7jMVnxUQRtw4owF2wk8lOSabtGDCTP4Ggrg2MbGnWO9X8K1t4+fGMDw==

glob@^7.1.3:
  version "7.2.3"
  resolved "https://registry.yarnpkg.com/glob/-/glob-7.2.3.tgz#b8df0fb802bbfa8e89bd1d938b4e16578ed44f2b"
  integrity sha512-nFR0zLpU2YCaRxwoCJvL6UvCH2JFyFVIvwTLsIf21AuHlMskA1hhTdk+LlYJtOlYt9v6dvszD2BGRqBL+iQK9Q==
  dependencies:
    fs.realpath "^1.0.0"
    inflight "^1.0.4"
    inherits "2"
    minimatch "^3.1.1"
    once "^1.3.0"
    path-is-absolute "^1.0.0"

inflight@^1.0.4:
  version "1.0.6"
  resolved "https://registry.yarnpkg.com/inflight/-/inflight-1.0.6.tgz#49bd6331d7d02d0c09bc910a1075ba8165b56df9"
  integrity sha512-k92I/b08q4wvFscXCLvqfsHCrjrF7yiXsQuIVvVE7N82W3+aqpzuUdBbfhWcy/FZR3/4IgflMgKLOsvPDrGCJA==
  dependencies:
    once "^1.3.0"
    wrappy "1"

inherits@2:
  version "2.0.4"
  resolved "https://registry.yarnpkg.com/inherits/-/inherits-2.0.4.tgz#0fa2c64f932917c3433a0ded55363aae37416b7c"
  integrity sha512-k/vGaX4/Yla3WzyMCvTQOXYeIHvqOKtnqBduzTHpzpQZzAskKMhZ2K+EnBiSM9zGSoIFeMpXKxa4dYeZIQqewQ==

js-sha3@0.8.0:
  version "0.8.0"
  resolved "https://registry.yarnpkg.com/js-sha3/-/js-sha3-0.8.0.tgz#b9b7a5da73afad7dedd0f8c463954cbde6818840"
  integrity sha512-gF1cRrHhIzNfToc802P800N8PpXS+evLLXfsVpowqmAFR9uwbi89WvXg2QspOmXL8QL86J4T1EpFu+yUkwJY3Q==

"js-tokens@^3.0.0 || ^4.0.0":
  version "4.0.0"
  resolved "https://registry.npmjs.org/js-tokens/-/js-tokens-4.0.0.tgz"
  integrity sha512-RdJUflcE3cUzKiMqQgsCu06FPu9UdIJO0beYbPhHN4k6apgJtifcoCtT9bcxOpYBtpD2kCM6Sbzg4CausW/PKQ==

json2mq@^0.2.0:
  version "0.2.0"
  resolved "https://registry.npmjs.org/json2mq/-/json2mq-0.2.0.tgz"
  integrity sha512-SzoRg7ux5DWTII9J2qkrZrqV1gt+rTaoufMxEzXbS26Uid0NwaJd123HcoB80TgubEppxxIGdNxCx50fEoEWQA==
  dependencies:
    string-convert "^0.2.0"

loose-envify@^1.1.0:
  version "1.4.0"
  resolved "https://registry.npmjs.org/loose-envify/-/loose-envify-1.4.0.tgz"
  integrity sha512-lyuxPGr/Wfhrlem2CL/UcnUc1zcqKAImBDzukY7Y5F/yQiNdko6+fRLevlw1HgMySw7f611UIY408EtxRSoK3Q==
  dependencies:
    js-tokens "^3.0.0 || ^4.0.0"

match-sorter@^6.0.2:
  version "6.4.0"
  resolved "https://registry.yarnpkg.com/match-sorter/-/match-sorter-6.4.0.tgz#ae9c166cb3c9efd337690b3160c0e28cb8377c13"
  integrity sha512-d4664ahzdL1QTTvmK1iI0JsrxWeJ6gn33qkYtnPg3mcn+naBLtXSgSPOe+X2vUgtgGwaAk3eiaj7gwKjjMAq+Q==
  dependencies:
    "@babel/runtime" "^7.23.8"
    remove-accents "0.5.0"

microseconds@0.2.0:
  version "0.2.0"
  resolved "https://registry.yarnpkg.com/microseconds/-/microseconds-0.2.0.tgz#233b25f50c62a65d861f978a4a4f8ec18797dc39"
  integrity sha512-n7DHHMjR1avBbSpsTBj6fmMGh2AGrifVV4e+WYc3Q9lO+xnSZ3NyhcBND3vzzatt05LFhoKFRxrIyklmLlUtyA==

minimatch@^3.1.1:
  version "3.1.2"
  resolved "https://registry.yarnpkg.com/minimatch/-/minimatch-3.1.2.tgz#19cd194bfd3e428f049a70817c038d89ab4be35b"
  integrity sha512-J7p63hRiAjw1NDEww1W7i37+ByIrOWO5XQQAzZ3VOcL0PNybwpfmV/N05zFAzwQ9USyEcX6t3UO+K5aqBQOIHw==
  dependencies:
    brace-expansion "^1.1.7"

nano-time@1.0.0:
  version "1.0.0"
  resolved "https://registry.yarnpkg.com/nano-time/-/nano-time-1.0.0.tgz#b0554f69ad89e22d0907f7a12b0993a5d96137ef"
  integrity sha512-flnngywOoQ0lLQOTRNexn2gGSNuM9bKj9RZAWSzhQ+UJYaAFG9bac4DW9VHjUAzrOaIcajHybCTHe/bkvozQqA==
  dependencies:
    big-integer "^1.6.16"

oblivious-set@1.0.0:
  version "1.0.0"
  resolved "https://registry.yarnpkg.com/oblivious-set/-/oblivious-set-1.0.0.tgz#c8316f2c2fb6ff7b11b6158db3234c49f733c566"
  integrity sha512-z+pI07qxo4c2CulUHCDf9lcqDlMSo72N/4rLUpRXf6fu+q8vjt8y0xS+Tlf8NTJDdTXHbdeO1n3MlbctwEoXZw==

once@^1.3.0:
  version "1.4.0"
  resolved "https://registry.yarnpkg.com/once/-/once-1.4.0.tgz#583b1aa775961d4b113ac17d9c50baef9dd76bd1"
  integrity sha512-lNaJgI+2Q5URQBkccEKHTQOPaXdUxnZZElQTZY0MFUAuaEqe1E+Nyvgdz/aIyNi6Z9MzO5dv1H8n58/GELp3+w==
  dependencies:
    wrappy "1"

path-is-absolute@^1.0.0:
  version "1.0.1"
  resolved "https://registry.yarnpkg.com/path-is-absolute/-/path-is-absolute-1.0.1.tgz#174b9268735534ffbc7ace6bf53a5a9e1b5c5f5f"
  integrity sha512-AVbw3UJ2e9bq64vSaS9Am0fje1Pa8pbGqTTsmXfaIiMpnr5DlDhfJOuLj9Sf95ZPVDAUerDfEk88MPmPe7UCQg==

rc-cascader@~3.28.2:
  version "3.28.2"
  resolved "https://registry.npmjs.org/rc-cascader/-/rc-cascader-3.28.2.tgz"
  integrity sha512-8f+JgM83iLTvjgdkgU7GfI4qY8icXOBP0cGZjOdx2iJAkEe8ucobxDQAVE69UD/c3ehCxZlcgEHeD5hFmypbUw==
  dependencies:
    "@babel/runtime" "^7.12.5"
    array-tree-filter "^2.1.0"
    classnames "^2.3.1"
    rc-select "~14.15.0"
    rc-tree "~5.9.0"
    rc-util "^5.37.0"

rc-checkbox@~3.3.0:
  version "3.3.0"
  resolved "https://registry.npmjs.org/rc-checkbox/-/rc-checkbox-3.3.0.tgz"
  integrity sha512-Ih3ZaAcoAiFKJjifzwsGiT/f/quIkxJoklW4yKGho14Olulwn8gN7hOBve0/WGDg5o/l/5mL0w7ff7/YGvefVw==
  dependencies:
    "@babel/runtime" "^7.10.1"
    classnames "^2.3.2"
    rc-util "^5.25.2"

rc-collapse@~3.8.0:
  version "3.8.0"
  resolved "https://registry.npmjs.org/rc-collapse/-/rc-collapse-3.8.0.tgz"
  integrity sha512-YVBkssrKPBG09TGfcWWGj8zJBYD9G3XuTy89t5iUmSXrIXEAnO1M+qjUxRW6b4Qi0+wNWG6MHJF/+US+nmIlzA==
  dependencies:
    "@babel/runtime" "^7.10.1"
    classnames "2.x"
    rc-motion "^2.3.4"
    rc-util "^5.27.0"

rc-dialog@~9.6.0:
  version "9.6.0"
  resolved "https://registry.npmjs.org/rc-dialog/-/rc-dialog-9.6.0.tgz"
  integrity sha512-ApoVi9Z8PaCQg6FsUzS8yvBEQy0ZL2PkuvAgrmohPkN3okps5WZ5WQWPc1RNuiOKaAYv8B97ACdsFU5LizzCqg==
  dependencies:
    "@babel/runtime" "^7.10.1"
    "@rc-component/portal" "^1.0.0-8"
    classnames "^2.2.6"
    rc-motion "^2.3.0"
    rc-util "^5.21.0"

rc-drawer@~7.2.0:
  version "7.2.0"
  resolved "https://registry.npmjs.org/rc-drawer/-/rc-drawer-7.2.0.tgz"
  integrity sha512-9lOQ7kBekEJRdEpScHvtmEtXnAsy+NGDXiRWc2ZVC7QXAazNVbeT4EraQKYwCME8BJLa8Bxqxvs5swwyOepRwg==
  dependencies:
    "@babel/runtime" "^7.23.9"
    "@rc-component/portal" "^1.1.1"
    classnames "^2.2.6"
    rc-motion "^2.6.1"
    rc-util "^5.38.1"

rc-dropdown@~4.2.0:
  version "4.2.0"
  resolved "https://registry.npmjs.org/rc-dropdown/-/rc-dropdown-4.2.0.tgz"
  integrity sha512-odM8Ove+gSh0zU27DUj5cG1gNKg7mLWBYzB5E4nNLrLwBmYEgYP43vHKDGOVZcJSVElQBI0+jTQgjnq0NfLjng==
  dependencies:
    "@babel/runtime" "^7.18.3"
    "@rc-component/trigger" "^2.0.0"
    classnames "^2.2.6"
    rc-util "^5.17.0"

rc-field-form@~2.4.0:
  version "2.4.0"
  resolved "https://registry.npmjs.org/rc-field-form/-/rc-field-form-2.4.0.tgz"
  integrity sha512-XZ/lF9iqf9HXApIHQHqzJK5v2w4mkUMsVqAzOyWVzoiwwXEavY6Tpuw7HavgzIoD+huVff4JghSGcgEfX6eycg==
  dependencies:
    "@babel/runtime" "^7.18.0"
    "@rc-component/async-validator" "^5.0.3"
    rc-util "^5.32.2"

rc-image@~7.11.0:
  version "7.11.0"
  resolved "https://registry.npmjs.org/rc-image/-/rc-image-7.11.0.tgz"
  integrity sha512-aZkTEZXqeqfPZtnSdNUnKQA0N/3MbgR7nUnZ+/4MfSFWPFHZau4p5r5ShaI0KPEMnNjv4kijSCFq/9wtJpwykw==
  dependencies:
    "@babel/runtime" "^7.11.2"
    "@rc-component/portal" "^1.0.2"
    classnames "^2.2.6"
    rc-dialog "~9.6.0"
    rc-motion "^2.6.2"
    rc-util "^5.34.1"

rc-input-number@~9.2.0:
  version "9.2.0"
  resolved "https://registry.npmjs.org/rc-input-number/-/rc-input-number-9.2.0.tgz"
  integrity sha512-5XZFhBCV5f9UQ62AZ2hFbEY8iZT/dm23Q1kAg0H8EvOgD3UDbYYJAayoVIkM3lQaCqYAW5gV0yV3vjw1XtzWHg==
  dependencies:
    "@babel/runtime" "^7.10.1"
    "@rc-component/mini-decimal" "^1.0.1"
    classnames "^2.2.5"
    rc-input "~1.6.0"
    rc-util "^5.40.1"

rc-input@~1.6.0, rc-input@~1.6.3:
  version "1.6.3"
  resolved "https://registry.npmjs.org/rc-input/-/rc-input-1.6.3.tgz"
  integrity sha512-wI4NzuqBS8vvKr8cljsvnTUqItMfG1QbJoxovCgL+DX4eVUcHIjVwharwevIxyy7H/jbLryh+K7ysnJr23aWIA==
  dependencies:
    "@babel/runtime" "^7.11.1"
    classnames "^2.2.1"
    rc-util "^5.18.1"

rc-mentions@~2.16.1:
  version "2.16.1"
  resolved "https://registry.npmjs.org/rc-mentions/-/rc-mentions-2.16.1.tgz"
  integrity sha512-GnhSTGP9Mtv6pqFFGQze44LlrtWOjHNrUUAcsdo9DnNAhN4pwVPEWy4z+2jpjkiGlJ3VoXdvMHcNDQdfI9fEaw==
  dependencies:
    "@babel/runtime" "^7.22.5"
    "@rc-component/trigger" "^2.0.0"
    classnames "^2.2.6"
    rc-input "~1.6.0"
    rc-menu "~9.15.1"
    rc-textarea "~1.8.0"
    rc-util "^5.34.1"

rc-menu@~9.15.1:
  version "9.15.1"
  resolved "https://registry.npmjs.org/rc-menu/-/rc-menu-9.15.1.tgz"
  integrity sha512-UKporqU6LPfHnpPmtP6hdEK4iO5Q+b7BRv/uRpxdIyDGplZy9jwUjsnpev5bs3PQKB0H0n34WAPDfjAfn3kAPA==
  dependencies:
    "@babel/runtime" "^7.10.1"
    "@rc-component/trigger" "^2.0.0"
    classnames "2.x"
    rc-motion "^2.4.3"
    rc-overflow "^1.3.1"
    rc-util "^5.27.0"

rc-motion@^2.0.0, rc-motion@^2.0.1, rc-motion@^2.3.0, rc-motion@^2.3.4, rc-motion@^2.4.3, rc-motion@^2.4.4, rc-motion@^2.6.1, rc-motion@^2.6.2, rc-motion@^2.9.0, rc-motion@^2.9.3:
  version "2.9.3"
  resolved "https://registry.npmjs.org/rc-motion/-/rc-motion-2.9.3.tgz"
  integrity sha512-rkW47ABVkic7WEB0EKJqzySpvDqwl60/tdkY7hWP7dYnh5pm0SzJpo54oW3TDUGXV5wfxXFmMkxrzRRbotQ0+w==
  dependencies:
    "@babel/runtime" "^7.11.1"
    classnames "^2.2.1"
    rc-util "^5.43.0"

rc-notification@~5.6.2:
  version "5.6.2"
  resolved "https://registry.npmjs.org/rc-notification/-/rc-notification-5.6.2.tgz"
  integrity sha512-Id4IYMoii3zzrG0lB0gD6dPgJx4Iu95Xu0BQrhHIbp7ZnAZbLqdqQ73aIWH0d0UFcElxwaKjnzNovTjo7kXz7g==
  dependencies:
    "@babel/runtime" "^7.10.1"
    classnames "2.x"
    rc-motion "^2.9.0"
    rc-util "^5.20.1"

rc-overflow@^1.3.1, rc-overflow@^1.3.2:
  version "1.3.2"
  resolved "https://registry.npmjs.org/rc-overflow/-/rc-overflow-1.3.2.tgz"
  integrity sha512-nsUm78jkYAoPygDAcGZeC2VwIg/IBGSodtOY3pMof4W3M9qRJgqaDYm03ZayHlde3I6ipliAxbN0RUcGf5KOzw==
  dependencies:
    "@babel/runtime" "^7.11.1"
    classnames "^2.2.1"
    rc-resize-observer "^1.0.0"
    rc-util "^5.37.0"

rc-pagination@~4.3.0:
  version "4.3.0"
  resolved "https://registry.npmjs.org/rc-pagination/-/rc-pagination-4.3.0.tgz"
  integrity sha512-UubEWA0ShnroQ1tDa291Fzw6kj0iOeF26IsUObxYTpimgj4/qPCWVFl18RLZE+0Up1IZg0IK4pMn6nB3mjvB7g==
  dependencies:
    "@babel/runtime" "^7.10.1"
    classnames "^2.3.2"
    rc-util "^5.38.0"

rc-picker@~4.6.15:
  version "4.6.15"
  resolved "https://registry.npmjs.org/rc-picker/-/rc-picker-4.6.15.tgz"
  integrity sha512-OWZ1yrMie+KN2uEUfYCfS4b2Vu6RC1FWwNI0s+qypsc3wRt7g+peuZKVIzXCTaJwyyZruo80+akPg2+GmyiJjw==
  dependencies:
    "@babel/runtime" "^7.24.7"
    "@rc-component/trigger" "^2.0.0"
    classnames "^2.2.1"
    rc-overflow "^1.3.2"
    rc-resize-observer "^1.4.0"
    rc-util "^5.43.0"

rc-progress@~4.0.0:
  version "4.0.0"
  resolved "https://registry.npmjs.org/rc-progress/-/rc-progress-4.0.0.tgz"
  integrity sha512-oofVMMafOCokIUIBnZLNcOZFsABaUw8PPrf1/y0ZBvKZNpOiu5h4AO9vv11Sw0p4Hb3D0yGWuEattcQGtNJ/aw==
  dependencies:
    "@babel/runtime" "^7.10.1"
    classnames "^2.2.6"
    rc-util "^5.16.1"

rc-rate@~2.13.0:
  version "2.13.0"
  resolved "https://registry.npmjs.org/rc-rate/-/rc-rate-2.13.0.tgz"
  integrity sha512-oxvx1Q5k5wD30sjN5tqAyWTvJfLNNJn7Oq3IeS4HxWfAiC4BOXMITNAsw7u/fzdtO4MS8Ki8uRLOzcnEuoQiAw==
  dependencies:
    "@babel/runtime" "^7.10.1"
    classnames "^2.2.5"
    rc-util "^5.0.1"

rc-resize-observer@^1.0.0, rc-resize-observer@^1.1.0, rc-resize-observer@^1.3.1, rc-resize-observer@^1.4.0:
  version "1.4.0"
  resolved "https://registry.npmjs.org/rc-resize-observer/-/rc-resize-observer-1.4.0.tgz"
  integrity sha512-PnMVyRid9JLxFavTjeDXEXo65HCRqbmLBw9xX9gfC4BZiSzbLXKzW3jPz+J0P71pLbD5tBMTT+mkstV5gD0c9Q==
  dependencies:
    "@babel/runtime" "^7.20.7"
    classnames "^2.2.1"
    rc-util "^5.38.0"
    resize-observer-polyfill "^1.5.1"

rc-segmented@~2.5.0:
  version "2.5.0"
  resolved "https://registry.npmjs.org/rc-segmented/-/rc-segmented-2.5.0.tgz"
  integrity sha512-B28Fe3J9iUFOhFJET3RoXAPFJ2u47QvLSYcZWC4tFYNGPEjug5LAxEasZlA/PpAxhdOPqGWsGbSj7ftneukJnw==
  dependencies:
    "@babel/runtime" "^7.11.1"
    classnames "^2.2.1"
    rc-motion "^2.4.4"
    rc-util "^5.17.0"

rc-select@~14.15.0, rc-select@~14.15.2:
  version "14.15.2"
  resolved "https://registry.npmjs.org/rc-select/-/rc-select-14.15.2.tgz"
  integrity sha512-oNoXlaFmpqXYcQDzcPVLrEqS2J9c+/+oJuGrlXeVVX/gVgrbHa5YcyiRUXRydFjyuA7GP3elRuLF7Y3Tfwltlw==
  dependencies:
    "@babel/runtime" "^7.10.1"
    "@rc-component/trigger" "^2.1.1"
    classnames "2.x"
    rc-motion "^2.0.1"
    rc-overflow "^1.3.1"
    rc-util "^5.16.1"
    rc-virtual-list "^3.5.2"

rc-slider@~11.1.7:
  version "11.1.7"
  resolved "https://registry.npmjs.org/rc-slider/-/rc-slider-11.1.7.tgz"
  integrity sha512-ytYbZei81TX7otdC0QvoYD72XSlxvTihNth5OeZ6PMXyEDq/vHdWFulQmfDGyXK1NwKwSlKgpvINOa88uT5g2A==
  dependencies:
    "@babel/runtime" "^7.10.1"
    classnames "^2.2.5"
    rc-util "^5.36.0"

rc-steps@~6.0.1:
  version "6.0.1"
  resolved "https://registry.npmjs.org/rc-steps/-/rc-steps-6.0.1.tgz"
  integrity sha512-lKHL+Sny0SeHkQKKDJlAjV5oZ8DwCdS2hFhAkIjuQt1/pB81M0cA0ErVFdHq9+jmPmFw1vJB2F5NBzFXLJxV+g==
  dependencies:
    "@babel/runtime" "^7.16.7"
    classnames "^2.2.3"
    rc-util "^5.16.1"

rc-switch@~4.1.0:
  version "4.1.0"
  resolved "https://registry.npmjs.org/rc-switch/-/rc-switch-4.1.0.tgz"
  integrity sha512-TI8ufP2Az9oEbvyCeVE4+90PDSljGyuwix3fV58p7HV2o4wBnVToEyomJRVyTaZeqNPAp+vqeo4Wnj5u0ZZQBg==
  dependencies:
    "@babel/runtime" "^7.21.0"
    classnames "^2.2.1"
    rc-util "^5.30.0"

rc-table@~7.47.5:
  version "7.47.5"
  resolved "https://registry.npmjs.org/rc-table/-/rc-table-7.47.5.tgz"
  integrity sha512-fzq+V9j/atbPIcvs3emuclaEoXulwQpIiJA6/7ey52j8+9cJ4P8DGmp4YzfUVDrb3qhgedcVeD6eRgUrokwVEQ==
  dependencies:
    "@babel/runtime" "^7.10.1"
    "@rc-component/context" "^1.4.0"
    classnames "^2.2.5"
    rc-resize-observer "^1.1.0"
    rc-util "^5.41.0"
    rc-virtual-list "^3.14.2"

rc-tabs@~15.3.0:
  version "15.3.0"
  resolved "https://registry.npmjs.org/rc-tabs/-/rc-tabs-15.3.0.tgz"
  integrity sha512-lzE18r+zppT/jZWOAWS6ntdkDUKHOLJzqMi5UAij1LeKwOaQaupupAoI9Srn73GRzVpmGznkECMRrzkRusC40A==
  dependencies:
    "@babel/runtime" "^7.11.2"
    classnames "2.x"
    rc-dropdown "~4.2.0"
    rc-menu "~9.15.1"
    rc-motion "^2.6.2"
    rc-resize-observer "^1.0.0"
    rc-util "^5.34.1"

rc-textarea@~1.8.0, rc-textarea@~1.8.2:
  version "1.8.2"
  resolved "https://registry.npmjs.org/rc-textarea/-/rc-textarea-1.8.2.tgz"
  integrity sha512-UFAezAqltyR00a8Lf0IPAyTd29Jj9ee8wt8DqXyDMal7r/Cg/nDt3e1OOv3Th4W6mKaZijjgwuPXhAfVNTN8sw==
  dependencies:
    "@babel/runtime" "^7.10.1"
    classnames "^2.2.1"
    rc-input "~1.6.0"
    rc-resize-observer "^1.0.0"
    rc-util "^5.27.0"

rc-tooltip@~6.2.1:
  version "6.2.1"
  resolved "https://registry.npmjs.org/rc-tooltip/-/rc-tooltip-6.2.1.tgz"
  integrity sha512-rws0duD/3sHHsD905Nex7FvoUGy2UBQRhTkKxeEvr2FB+r21HsOxcDJI0TzyO8NHhnAA8ILr8pfbSBg5Jj5KBg==
  dependencies:
    "@babel/runtime" "^7.11.2"
    "@rc-component/trigger" "^2.0.0"
    classnames "^2.3.1"

rc-tree-select@~5.23.0:
  version "5.23.0"
  resolved "https://registry.npmjs.org/rc-tree-select/-/rc-tree-select-5.23.0.tgz"
  integrity sha512-aQGi2tFSRw1WbXv0UVXPzHm09E0cSvUVZMLxQtMv3rnZZpNmdRXWrnd9QkLNlVH31F+X5rgghmdSFF3yZW0N9A==
  dependencies:
    "@babel/runtime" "^7.10.1"
    classnames "2.x"
    rc-select "~14.15.0"
    rc-tree "~5.9.0"
    rc-util "^5.16.1"

rc-tree@~5.9.0:
  version "5.9.0"
  resolved "https://registry.npmjs.org/rc-tree/-/rc-tree-5.9.0.tgz"
  integrity sha512-CPrgOvm9d/9E+izTONKSngNzQdIEjMox2PBufWjS1wf7vxtvmCWzK1SlpHbRY6IaBfJIeZ+88RkcIevf729cRg==
  dependencies:
    "@babel/runtime" "^7.10.1"
    classnames "2.x"
    rc-motion "^2.0.1"
    rc-util "^5.16.1"
    rc-virtual-list "^3.5.1"

rc-upload@~4.8.1:
  version "4.8.1"
  resolved "https://registry.npmjs.org/rc-upload/-/rc-upload-4.8.1.tgz"
  integrity sha512-toEAhwl4hjLAI1u8/CgKWt30BR06ulPa4iGQSMvSXoHzO88gPCslxqV/mnn4gJU7PDoltGIC9Eh+wkeudqgHyw==
  dependencies:
    "@babel/runtime" "^7.18.3"
    classnames "^2.2.5"
    rc-util "^5.2.0"

rc-util@^5.0.1, rc-util@^5.16.1, rc-util@^5.17.0, rc-util@^5.18.1, rc-util@^5.2.0, rc-util@^5.20.1, rc-util@^5.21.0, rc-util@^5.24.4, rc-util@^5.25.2, rc-util@^5.27.0, rc-util@^5.30.0, rc-util@^5.31.1, rc-util@^5.32.2, rc-util@^5.34.1, rc-util@^5.35.0, rc-util@^5.36.0, rc-util@^5.37.0, rc-util@^5.38.0, rc-util@^5.38.1, rc-util@^5.40.1, rc-util@^5.41.0, rc-util@^5.43.0:
  version "5.43.0"
  resolved "https://registry.npmjs.org/rc-util/-/rc-util-5.43.0.tgz"
  integrity sha512-AzC7KKOXFqAdIBqdGWepL9Xn7cm3vnAmjlHqUnoQaTMZYhM4VlXGLkkHHxj/BZ7Td0+SOPKB4RGPboBVKT9htw==
  dependencies:
    "@babel/runtime" "^7.18.3"
    react-is "^18.2.0"

rc-virtual-list@^3.14.2, rc-virtual-list@^3.5.1, rc-virtual-list@^3.5.2:
  version "3.14.8"
  resolved "https://registry.npmjs.org/rc-virtual-list/-/rc-virtual-list-3.14.8.tgz"
  integrity sha512-8D0KfzpRYi6YZvlOWIxiOm9BGt4Wf2hQyEaM6RXlDDiY2NhLheuYI+RA+7ZaZj1lq+XQqy3KHlaeeXQfzI5fGg==
  dependencies:
    "@babel/runtime" "^7.20.0"
    classnames "^2.2.6"
    rc-resize-observer "^1.0.0"
    rc-util "^5.36.0"

react-is@^18.2.0:
  version "18.3.1"
  resolved "https://registry.npmjs.org/react-is/-/react-is-18.3.1.tgz"
  integrity sha512-/LLMVyas0ljjAtoYiPqYiL8VWXzUUdThrmU5+n20DZv+a+ClRoevUzw5JxU+Ieh5/c87ytoTBV9G1FiKfNJdmg==

react-query@^3.39.3:
  version "3.39.3"
  resolved "https://registry.yarnpkg.com/react-query/-/react-query-3.39.3.tgz#4cea7127c6c26bdea2de5fb63e51044330b03f35"
  integrity sha512-nLfLz7GiohKTJDuT4us4X3h/8unOh+00MLb2yJoGTPjxKs2bc1iDhkNx2bd5MKklXnOD3NrVZ+J2UXujA5In4g==
  dependencies:
    "@babel/runtime" "^7.5.5"
    broadcast-channel "^3.4.1"
    match-sorter "^6.0.2"

react-router-dom@^6.27.0:
  version "6.27.0"
  resolved "https://registry.npmjs.org/react-router-dom/-/react-router-dom-6.27.0.tgz"
  integrity sha512-+bvtFWMC0DgAFrfKXKG9Fc+BcXWRUO1aJIihbB79xaeq0v5UzfvnM5houGUm1Y461WVRcgAQ+Clh5rdb1eCx4g==
  dependencies:
    "@remix-run/router" "1.20.0"
    react-router "6.27.0"

react-router@6.27.0:
  version "6.27.0"
  resolved "https://registry.npmjs.org/react-router/-/react-router-6.27.0.tgz"
  integrity sha512-YA+HGZXz4jaAkVoYBE98VQl+nVzI+cVI2Oj/06F5ZM+0u3TgedN9Y9kmMRo2mnkSK2nCpNQn0DVob4HCsY/WLw==
  dependencies:
    "@remix-run/router" "1.20.0"

react@^18.3.1:
  version "18.3.1"
  resolved "https://registry.npmjs.org/react/-/react-18.3.1.tgz"
  integrity sha512-wS+hAgJShR0KhEvPJArfuPVN1+Hz1t0Y6n5jLrGQbkb4urgPE/0Rve+1kMB1v/oWgHgm4WIcV+i7F2pTVj+2iQ==
  dependencies:
    loose-envify "^1.1.0"

regenerator-runtime@^0.14.0:
  version "0.14.1"
  resolved "https://registry.npmjs.org/regenerator-runtime/-/regenerator-runtime-0.14.1.tgz"
  integrity sha512-dYnhHh0nJoMfnkZs6GmmhFknAGRrLznOu5nc9ML+EJxGvrx6H7teuevqVqCuPcPK//3eDrrjQhehXVx9cnkGdw==

remove-accents@0.5.0:
  version "0.5.0"
  resolved "https://registry.yarnpkg.com/remove-accents/-/remove-accents-0.5.0.tgz#77991f37ba212afba162e375b627631315bed687"
  integrity sha512-8g3/Otx1eJaVD12e31UbJj1YzdtVvzH85HV7t+9MJYk/u3XmkOUJ5Ys9wQrf9PCPK8+xn4ymzqYCiZl6QWKn+A==

resize-observer-polyfill@^1.5.1:
  version "1.5.1"
  resolved "https://registry.npmjs.org/resize-observer-polyfill/-/resize-observer-polyfill-1.5.1.tgz"
  integrity sha512-LwZrotdHOo12nQuZlHEmtuXdqGoOD0OhaxopaNFxWzInpEgaLWoVuAMbTzixuosCx2nEG58ngzW3vxdWoxIgdg==

rimraf@3.0.2:
  version "3.0.2"
  resolved "https://registry.yarnpkg.com/rimraf/-/rimraf-3.0.2.tgz#f1a5402ba6220ad52cc1282bac1ae3aa49fd061a"
  integrity sha512-JZkJMZkAGFFPP2YqXZXPbMlMBgsxzE8ILs4lMIX/2o0L9UBw9O/Y3o6wFw/i9YLapcUJWwqbi3kdxIPdC62TIA==
  dependencies:
    glob "^7.1.3"

scroll-into-view-if-needed@^3.1.0:
  version "3.1.0"
  resolved "https://registry.npmjs.org/scroll-into-view-if-needed/-/scroll-into-view-if-needed-3.1.0.tgz"
  integrity sha512-49oNpRjWRvnU8NyGVmUaYG4jtTkNonFZI86MmGRDqBphEK2EXT9gdEUoQPZhuBM8yWHxCWbobltqYO5M4XrUvQ==
  dependencies:
    compute-scroll-into-view "^3.0.2"

string-convert@^0.2.0:
  version "0.2.1"
  resolved "https://registry.npmjs.org/string-convert/-/string-convert-0.2.1.tgz"
  integrity sha512-u/1tdPl4yQnPBjnVrmdLo9gtuLvELKsAoRapekWggdiQNvvvum+jYF329d84NAa660KQw7pB2n36KrIKVoXa3A==

stylis@^4.3.3:
  version "4.3.4"
  resolved "https://registry.npmjs.org/stylis/-/stylis-4.3.4.tgz"
  integrity sha512-osIBl6BGUmSfDkyH2mB7EFvCJntXDrLhKjHTRj/rK6xLH0yuPrHULDRQzKokSOD4VoorhtKpfcfW1GAntu8now==

throttle-debounce@^5.0.0, throttle-debounce@^5.0.2:
  version "5.0.2"
  resolved "https://registry.npmjs.org/throttle-debounce/-/throttle-debounce-5.0.2.tgz"
  integrity sha512-B71/4oyj61iNH0KeCamLuE2rmKuTO5byTOSVwECM5FA7TiAiAW+UqTKZ9ERueC4qvgSttUhdmq1mXC3kJqGX7A==

toggle-selection@^1.0.6:
  version "1.0.6"
  resolved "https://registry.npmjs.org/toggle-selection/-/toggle-selection-1.0.6.tgz"
  integrity sha512-BiZS+C1OS8g/q2RRbJmy59xpyghNBqrr6k5L/uKBGRsTfxmu3ffiRnd8mlGPUVayg8pvfi5urfnu8TU7DVOkLQ==

typescript@^5.6.2:
  version "5.6.3"
  resolved "https://registry.npmjs.org/typescript/-/typescript-5.6.3.tgz"
  integrity sha512-hjcS1mhfuyi4WW8IWtjP7brDrG2cuDZukyrYrSauoXGNgx0S7zceP07adYkJycEr56BOUTNPzbInooiN3fn1qw==

undici-types@~6.19.8:
  version "6.19.8"
  resolved "https://registry.npmjs.org/undici-types/-/undici-types-6.19.8.tgz"
  integrity sha512-ve2KP6f/JnbPBFyobGHuerC9g1FYGn/F8n1LWTwNxCEzd6IfqTwUQcNXgEtmmQ6DlRrC1hrSrBnCZPokRrDHjw==

unload@2.2.0:
  version "2.2.0"
  resolved "https://registry.yarnpkg.com/unload/-/unload-2.2.0.tgz#ccc88fdcad345faa06a92039ec0f80b488880ef7"
  integrity sha512-B60uB5TNBLtN6/LsgAf3udH9saB5p7gqJwcFfbOEZ8BcBHnGwCf6G/TGiEqkRAxX7zAFIUtzdrXQSdL3Q/wqNA==
  dependencies:
    "@babel/runtime" "^7.6.2"
    detect-node "^2.0.4"

wrappy@1:
  version "1.0.2"
  resolved "https://registry.yarnpkg.com/wrappy/-/wrappy-1.0.2.tgz#b5243d8f3ec1aa35f1364605bc0d1036e30ab69f"
  integrity sha512-l4Sp/DRseor9wL6EvV2+TuQn63dMkPjZ/sp9XkghTEbV9KlPS1xUsZ3u7/IQO4wxtcFB4bgpQPRcR3QCvezPcQ==
